{
  "name": "carshowcase",
  "version": "1.0.0",
  "lockfileVersion": 1,
  "requires": true,
  "dependencies": {
    "pify": {
      "version": "3.0.0",
      "resolved": "https://registry.npmjs.org/pify/-/pify-3.0.0.tgz",
      "integrity": "sha1-5aSs0sEB/fPZpNB/DbxNtJ3SgXY="
    },
    "tapable": {
      "version": "0.2.8",
      "resolved": "https://registry.npmjs.org/tapable/-/tapable-0.2.8.tgz",
      "integrity": "sha1-mTcqXJmb8t8WCvwNdL7U9HlIzSI="
    },
    "tappable": {
      "version": "1.1.0",
      "resolved": "https://registry.npmjs.org/tappable/-/tappable-1.1.0.tgz",
      "integrity": "sha512-M88rtrHj5tT77lT3zkO96Olh2pMab7n6DX8uoaUEmh+Gv4FMpLEoX3G2KBHaW56n9pax+LXeoOudGuHFvHum9A==",
      "requires": {
        "pify": "3.0.0",
        "tapable": "0.2.8"
      }
    }
  }
}
